
Microsoft Visual Studio Solution File, Format Version 12.00
# Visual Studio Version 16
VisualStudioVersion = 16.0.30621.155
MinimumVisualStudioVersion = 10.0.40219.1
Project("{888888A0-9F3D-457C-B088-3A5042F75D52}") = "JayOS", "JayOS\JayOS.pyproj", "{73C71E33-A624-4C41-99CB-83F2B3512396}"
EndProject
Global
	GlobalSection(SolutionConfigurationPlatforms) = preSolution
		Debug|Any CPU = Debug|Any CPU
		Release|Any CPU = Release|Any CPU
	EndGlobalSection
	GlobalSection(ProjectConfigurationPlatforms) = postSolution
		{73C71E33-A624-4C41-99CB-83F2B3512396}.Debug|Any CPU.ActiveCfg = Debug|Any CPU
		{73C71E33-A624-4C41-99CB-83F2B3512396}.Release|Any CPU.ActiveCfg = Release|Any CPU
	EndGlobalSection
	GlobalSection(SolutionProperties) = preSolution
		HideSolutionNode = FALSE
	EndGlobalSection
	GlobalSection(ExtensibilityGlobals) = postSolution
		SolutionGuid = {6A20E461-A2D7-4429-80EE-E424087FD58D}
	EndGlobalSection
EndGlobal
